
Microsoft Visual Studio Solution File, Format Version 12.00
# Visual Studio Version 17
VisualStudioVersion = 17.0.31903.59
MinimumVisualStudioVersion = 10.0.40219.1
Project("{2150E333-8FDC-42A3-9474-1A3956D46DE8}") = "test", "test", "{0C88DD14-F956-CE84-757C-A364CCF449FC}"
EndProject
Project("{2150E333-8FDC-42A3-9474-1A3956D46DE8}") = "src", "src", "{827E0CD3-B72D-47B6-A68D-7590B98EB39B}"
EndProject
Project("{FAE04EC0-301F-11D3-BF4B-00C04F79EFBC}") = "WebApi", "src\WebApi\WebApi.csproj", "{6B7774B4-9228-4768-AE4B-2DA1B655C31B}"
EndProject
Project("{FAE04EC0-301F-11D3-BF4B-00C04F79EFBC}") = "Domain", "src\Domain\Domain.csproj", "{B6D1DE75-1820-4A8B-8508-9585B10C36F4}"
EndProject
Project("{FAE04EC0-301F-11D3-BF4B-00C04F79EFBC}") = "DTO", "src\DTO\DTO.csproj", "{25C91EE8-24F6-4037-B896-CB2D1FACDC9F}"
EndProject
Project("{FAE04EC0-301F-11D3-BF4B-00C04F79EFBC}") = "Infrastructure", "src\Infrastructure\Infrastructure.csproj", "{86291D04-50A7-4138-8628-73FC0C152961}"
EndProject
Project("{FAE04EC0-301F-11D3-BF4B-00C04F79EFBC}") = "SharedKernel", "src\SharedKernel\SharedKernel.csproj", "{1031338F-9ED6-4AA7-BF8D-24389C3E1AB3}"
EndProject
Project("{FAE04EC0-301F-11D3-BF4B-00C04F79EFBC}") = "Application", "src\Application\Application.csproj", "{FBFF5618-D432-4E1F-9572-0F5956F26AE6}"
EndProject
Project("{FAE04EC0-301F-11D3-BF4B-00C04F79EFBC}") = "Application.Tests", "test\Application.Tests\Application.Tests.csproj", "{C39983F0-897F-427A-BF73-2431119E6CFB}"
EndProject
Project("{FAE04EC0-301F-11D3-BF4B-00C04F79EFBC}") = "Infrastructure.Tests", "test\Infrastructure.Tests\Infrastructure.Tests.csproj", "{6427EEDE-8804-426F-9C81-779854F6420B}"
EndProject
Project("{FAE04EC0-301F-11D3-BF4B-00C04F79EFBC}") = "Domain.Tests", "test\Domain.Tests\Domain.Tests.csproj", "{911E4A6B-8B79-45D1-978E-4BBF4273B9DB}"
EndProject
Project("{FAE04EC0-301F-11D3-BF4B-00C04F79EFBC}") = "Utils.Tests", "test\Utils.Tests\Utils.Tests.csproj", "{E07FB438-54D4-4E00-8682-4039594B59B6}"
EndProject
Project("{FAE04EC0-301F-11D3-BF4B-00C04F79EFBC}") = "Integration.Tests", "test\Integration.Tests\Integration.Tests.csproj", "{EB8D0D89-473F-4392-862E-3EABEC7B6D0B}"
EndProject
Project("{FAE04EC0-301F-11D3-BF4B-00C04F79EFBC}") = "SharedKernel.Tests", "test\SharedKernel.Tests\SharedKernel.Tests.csproj", "{51A5E878-7FA2-46D2-9117-F99CA1174CE9}"
EndProject
Global
	GlobalSection(SolutionConfigurationPlatforms) = preSolution
		Debug|Any CPU = Debug|Any CPU
		Debug|x64 = Debug|x64
		Debug|x86 = Debug|x86
		Release|Any CPU = Release|Any CPU
		Release|x64 = Release|x64
		Release|x86 = Release|x86
	EndGlobalSection
	GlobalSection(ProjectConfigurationPlatforms) = postSolution
		{6B7774B4-9228-4768-AE4B-2DA1B655C31B}.Debug|Any CPU.ActiveCfg = Debug|Any CPU
		{6B7774B4-9228-4768-AE4B-2DA1B655C31B}.Debug|Any CPU.Build.0 = Debug|Any CPU
		{6B7774B4-9228-4768-AE4B-2DA1B655C31B}.Debug|x64.ActiveCfg = Debug|Any CPU
		{6B7774B4-9228-4768-AE4B-2DA1B655C31B}.Debug|x64.Build.0 = Debug|Any CPU
		{6B7774B4-9228-4768-AE4B-2DA1B655C31B}.Debug|x86.ActiveCfg = Debug|Any CPU
		{6B7774B4-9228-4768-AE4B-2DA1B655C31B}.Debug|x86.Build.0 = Debug|Any CPU
		{6B7774B4-9228-4768-AE4B-2DA1B655C31B}.Release|Any CPU.ActiveCfg = Release|Any CPU
		{6B7774B4-9228-4768-AE4B-2DA1B655C31B}.Release|Any CPU.Build.0 = Release|Any CPU
		{6B7774B4-9228-4768-AE4B-2DA1B655C31B}.Release|x64.ActiveCfg = Release|Any CPU
		{6B7774B4-9228-4768-AE4B-2DA1B655C31B}.Release|x64.Build.0 = Release|Any CPU
		{6B7774B4-9228-4768-AE4B-2DA1B655C31B}.Release|x86.ActiveCfg = Release|Any CPU
		{6B7774B4-9228-4768-AE4B-2DA1B655C31B}.Release|x86.Build.0 = Release|Any CPU
		{B6D1DE75-1820-4A8B-8508-9585B10C36F4}.Debug|Any CPU.ActiveCfg = Debug|Any CPU
		{B6D1DE75-1820-4A8B-8508-9585B10C36F4}.Debug|Any CPU.Build.0 = Debug|Any CPU
		{B6D1DE75-1820-4A8B-8508-9585B10C36F4}.Debug|x64.ActiveCfg = Debug|Any CPU
		{B6D1DE75-1820-4A8B-8508-9585B10C36F4}.Debug|x64.Build.0 = Debug|Any CPU
		{B6D1DE75-1820-4A8B-8508-9585B10C36F4}.Debug|x86.ActiveCfg = Debug|Any CPU
		{B6D1DE75-1820-4A8B-8508-9585B10C36F4}.Debug|x86.Build.0 = Debug|Any CPU
		{B6D1DE75-1820-4A8B-8508-9585B10C36F4}.Release|Any CPU.ActiveCfg = Release|Any CPU
		{B6D1DE75-1820-4A8B-8508-9585B10C36F4}.Release|Any CPU.Build.0 = Release|Any CPU
		{B6D1DE75-1820-4A8B-8508-9585B10C36F4}.Release|x64.ActiveCfg = Release|Any CPU
		{B6D1DE75-1820-4A8B-8508-9585B10C36F4}.Release|x64.Build.0 = Release|Any CPU
		{B6D1DE75-1820-4A8B-8508-9585B10C36F4}.Release|x86.ActiveCfg = Release|Any CPU
		{B6D1DE75-1820-4A8B-8508-9585B10C36F4}.Release|x86.Build.0 = Release|Any CPU
		{25C91EE8-24F6-4037-B896-CB2D1FACDC9F}.Debug|Any CPU.ActiveCfg = Debug|Any CPU
		{25C91EE8-24F6-4037-B896-CB2D1FACDC9F}.Debug|Any CPU.Build.0 = Debug|Any CPU
		{25C91EE8-24F6-4037-B896-CB2D1FACDC9F}.Debug|x64.ActiveCfg = Debug|Any CPU
		{25C91EE8-24F6-4037-B896-CB2D1FACDC9F}.Debug|x64.Build.0 = Debug|Any CPU
		{25C91EE8-24F6-4037-B896-CB2D1FACDC9F}.Debug|x86.ActiveCfg = Debug|Any CPU
		{25C91EE8-24F6-4037-B896-CB2D1FACDC9F}.Debug|x86.Build.0 = Debug|Any CPU
		{25C91EE8-24F6-4037-B896-CB2D1FACDC9F}.Release|Any CPU.ActiveCfg = Release|Any CPU
		{25C91EE8-24F6-4037-B896-CB2D1FACDC9F}.Release|Any CPU.Build.0 = Release|Any CPU
		{25C91EE8-24F6-4037-B896-CB2D1FACDC9F}.Release|x64.ActiveCfg = Release|Any CPU
		{25C91EE8-24F6-4037-B896-CB2D1FACDC9F}.Release|x64.Build.0 = Release|Any CPU
		{25C91EE8-24F6-4037-B896-CB2D1FACDC9F}.Release|x86.ActiveCfg = Release|Any CPU
		{25C91EE8-24F6-4037-B896-CB2D1FACDC9F}.Release|x86.Build.0 = Release|Any CPU
		{86291D04-50A7-4138-8628-73FC0C152961}.Debug|Any CPU.ActiveCfg = Debug|Any CPU
		{86291D04-50A7-4138-8628-73FC0C152961}.Debug|Any CPU.Build.0 = Debug|Any CPU
		{86291D04-50A7-4138-8628-73FC0C152961}.Debug|x64.ActiveCfg = Debug|Any CPU
		{86291D04-50A7-4138-8628-73FC0C152961}.Debug|x64.Build.0 = Debug|Any CPU
		{86291D04-50A7-4138-8628-73FC0C152961}.Debug|x86.ActiveCfg = Debug|Any CPU
		{86291D04-50A7-4138-8628-73FC0C152961}.Debug|x86.Build.0 = Debug|Any CPU
		{86291D04-50A7-4138-8628-73FC0C152961}.Release|Any CPU.ActiveCfg = Release|Any CPU
		{86291D04-50A7-4138-8628-73FC0C152961}.Release|Any CPU.Build.0 = Release|Any CPU
		{86291D04-50A7-4138-8628-73FC0C152961}.Release|x64.ActiveCfg = Release|Any CPU
		{86291D04-50A7-4138-8628-73FC0C152961}.Release|x64.Build.0 = Release|Any CPU
		{86291D04-50A7-4138-8628-73FC0C152961}.Release|x86.ActiveCfg = Release|Any CPU
		{86291D04-50A7-4138-8628-73FC0C152961}.Release|x86.Build.0 = Release|Any CPU
		{1031338F-9ED6-4AA7-BF8D-24389C3E1AB3}.Debug|Any CPU.ActiveCfg = Debug|Any CPU
		{1031338F-9ED6-4AA7-BF8D-24389C3E1AB3}.Debug|Any CPU.Build.0 = Debug|Any CPU
		{1031338F-9ED6-4AA7-BF8D-24389C3E1AB3}.Debug|x64.ActiveCfg = Debug|Any CPU
		{1031338F-9ED6-4AA7-BF8D-24389C3E1AB3}.Debug|x64.Build.0 = Debug|Any CPU
		{1031338F-9ED6-4AA7-BF8D-24389C3E1AB3}.Debug|x86.ActiveCfg = Debug|Any CPU
		{1031338F-9ED6-4AA7-BF8D-24389C3E1AB3}.Debug|x86.Build.0 = Debug|Any CPU
		{1031338F-9ED6-4AA7-BF8D-24389C3E1AB3}.Release|Any CPU.ActiveCfg = Release|Any CPU
		{1031338F-9ED6-4AA7-BF8D-24389C3E1AB3}.Release|Any CPU.Build.0 = Release|Any CPU
		{1031338F-9ED6-4AA7-BF8D-24389C3E1AB3}.Release|x64.ActiveCfg = Release|Any CPU
		{1031338F-9ED6-4AA7-BF8D-24389C3E1AB3}.Release|x64.Build.0 = Release|Any CPU
		{1031338F-9ED6-4AA7-BF8D-24389C3E1AB3}.Release|x86.ActiveCfg = Release|Any CPU
		{1031338F-9ED6-4AA7-BF8D-24389C3E1AB3}.Release|x86.Build.0 = Release|Any CPU
		{FBFF5618-D432-4E1F-9572-0F5956F26AE6}.Debug|Any CPU.ActiveCfg = Debug|Any CPU
		{FBFF5618-D432-4E1F-9572-0F5956F26AE6}.Debug|Any CPU.Build.0 = Debug|Any CPU
		{FBFF5618-D432-4E1F-9572-0F5956F26AE6}.Debug|x64.ActiveCfg = Debug|Any CPU
		{FBFF5618-D432-4E1F-9572-0F5956F26AE6}.Debug|x64.Build.0 = Debug|Any CPU
		{FBFF5618-D432-4E1F-9572-0F5956F26AE6}.Debug|x86.ActiveCfg = Debug|Any CPU
		{FBFF5618-D432-4E1F-9572-0F5956F26AE6}.Debug|x86.Build.0 = Debug|Any CPU
		{FBFF5618-D432-4E1F-9572-0F5956F26AE6}.Release|Any CPU.ActiveCfg = Release|Any CPU
		{FBFF5618-D432-4E1F-9572-0F5956F26AE6}.Release|Any CPU.Build.0 = Release|Any CPU
		{FBFF5618-D432-4E1F-9572-0F5956F26AE6}.Release|x64.ActiveCfg = Release|Any CPU
		{FBFF5618-D432-4E1F-9572-0F5956F26AE6}.Release|x64.Build.0 = Release|Any CPU
		{FBFF5618-D432-4E1F-9572-0F5956F26AE6}.Release|x86.ActiveCfg = Release|Any CPU
		{FBFF5618-D432-4E1F-9572-0F5956F26AE6}.Release|x86.Build.0 = Release|Any CPU
		{C39983F0-897F-427A-BF73-2431119E6CFB}.Debug|Any CPU.ActiveCfg = Debug|Any CPU
		{C39983F0-897F-427A-BF73-2431119E6CFB}.Debug|Any CPU.Build.0 = Debug|Any CPU
		{C39983F0-897F-427A-BF73-2431119E6CFB}.Debug|x64.ActiveCfg = Debug|Any CPU
		{C39983F0-897F-427A-BF73-2431119E6CFB}.Debug|x64.Build.0 = Debug|Any CPU
		{C39983F0-897F-427A-BF73-2431119E6CFB}.Debug|x86.ActiveCfg = Debug|Any CPU
		{C39983F0-897F-427A-BF73-2431119E6CFB}.Debug|x86.Build.0 = Debug|Any CPU
		{C39983F0-897F-427A-BF73-2431119E6CFB}.Release|Any CPU.ActiveCfg = Release|Any CPU
		{C39983F0-897F-427A-BF73-2431119E6CFB}.Release|Any CPU.Build.0 = Release|Any CPU
		{C39983F0-897F-427A-BF73-2431119E6CFB}.Release|x64.ActiveCfg = Release|Any CPU
		{C39983F0-897F-427A-BF73-2431119E6CFB}.Release|x64.Build.0 = Release|Any CPU
		{C39983F0-897F-427A-BF73-2431119E6CFB}.Release|x86.ActiveCfg = Release|Any CPU
		{C39983F0-897F-427A-BF73-2431119E6CFB}.Release|x86.Build.0 = Release|Any CPU
		{6427EEDE-8804-426F-9C81-779854F6420B}.Debug|Any CPU.ActiveCfg = Debug|Any CPU
		{6427EEDE-8804-426F-9C81-779854F6420B}.Debug|Any CPU.Build.0 = Debug|Any CPU
		{6427EEDE-8804-426F-9C81-779854F6420B}.Debug|x64.ActiveCfg = Debug|Any CPU
		{6427EEDE-8804-426F-9C81-779854F6420B}.Debug|x64.Build.0 = Debug|Any CPU
		{6427EEDE-8804-426F-9C81-779854F6420B}.Debug|x86.ActiveCfg = Debug|Any CPU
		{6427EEDE-8804-426F-9C81-779854F6420B}.Debug|x86.Build.0 = Debug|Any CPU
		{6427EEDE-8804-426F-9C81-779854F6420B}.Release|Any CPU.ActiveCfg = Release|Any CPU
		{6427EEDE-8804-426F-9C81-779854F6420B}.Release|Any CPU.Build.0 = Release|Any CPU
		{6427EEDE-8804-426F-9C81-779854F6420B}.Release|x64.ActiveCfg = Release|Any CPU
		{6427EEDE-8804-426F-9C81-779854F6420B}.Release|x64.Build.0 = Release|Any CPU
		{6427EEDE-8804-426F-9C81-779854F6420B}.Release|x86.ActiveCfg = Release|Any CPU
		{6427EEDE-8804-426F-9C81-779854F6420B}.Release|x86.Build.0 = Release|Any CPU
		{911E4A6B-8B79-45D1-978E-4BBF4273B9DB}.Debug|Any CPU.ActiveCfg = Debug|Any CPU
		{911E4A6B-8B79-45D1-978E-4BBF4273B9DB}.Debug|Any CPU.Build.0 = Debug|Any CPU
		{911E4A6B-8B79-45D1-978E-4BBF4273B9DB}.Debug|x64.ActiveCfg = Debug|Any CPU
		{911E4A6B-8B79-45D1-978E-4BBF4273B9DB}.Debug|x64.Build.0 = Debug|Any CPU
		{911E4A6B-8B79-45D1-978E-4BBF4273B9DB}.Debug|x86.ActiveCfg = Debug|Any CPU
		{911E4A6B-8B79-45D1-978E-4BBF4273B9DB}.Debug|x86.Build.0 = Debug|Any CPU
		{911E4A6B-8B79-45D1-978E-4BBF4273B9DB}.Release|Any CPU.ActiveCfg = Release|Any CPU
		{911E4A6B-8B79-45D1-978E-4BBF4273B9DB}.Release|Any CPU.Build.0 = Release|Any CPU
		{911E4A6B-8B79-45D1-978E-4BBF4273B9DB}.Release|x64.ActiveCfg = Release|Any CPU
		{911E4A6B-8B79-45D1-978E-4BBF4273B9DB}.Release|x64.Build.0 = Release|Any CPU
		{911E4A6B-8B79-45D1-978E-4BBF4273B9DB}.Release|x86.ActiveCfg = Release|Any CPU
		{911E4A6B-8B79-45D1-978E-4BBF4273B9DB}.Release|x86.Build.0 = Release|Any CPU
		{E07FB438-54D4-4E00-8682-4039594B59B6}.Debug|Any CPU.ActiveCfg = Debug|Any CPU
		{E07FB438-54D4-4E00-8682-4039594B59B6}.Debug|Any CPU.Build.0 = Debug|Any CPU
		{E07FB438-54D4-4E00-8682-4039594B59B6}.Debug|x64.ActiveCfg = Debug|Any CPU
		{E07FB438-54D4-4E00-8682-4039594B59B6}.Debug|x64.Build.0 = Debug|Any CPU
		{E07FB438-54D4-4E00-8682-4039594B59B6}.Debug|x86.ActiveCfg = Debug|Any CPU
		{E07FB438-54D4-4E00-8682-4039594B59B6}.Debug|x86.Build.0 = Debug|Any CPU
		{E07FB438-54D4-4E00-8682-4039594B59B6}.Release|Any CPU.ActiveCfg = Release|Any CPU
		{E07FB438-54D4-4E00-8682-4039594B59B6}.Release|Any CPU.Build.0 = Release|Any CPU
		{E07FB438-54D4-4E00-8682-4039594B59B6}.Release|x64.ActiveCfg = Release|Any CPU
		{E07FB438-54D4-4E00-8682-4039594B59B6}.Release|x64.Build.0 = Release|Any CPU
		{E07FB438-54D4-4E00-8682-4039594B59B6}.Release|x86.ActiveCfg = Release|Any CPU
		{E07FB438-54D4-4E00-8682-4039594B59B6}.Release|x86.Build.0 = Release|Any CPU
		{EB8D0D89-473F-4392-862E-3EABEC7B6D0B}.Debug|Any CPU.ActiveCfg = Debug|Any CPU
		{EB8D0D89-473F-4392-862E-3EABEC7B6D0B}.Debug|Any CPU.Build.0 = Debug|Any CPU
		{EB8D0D89-473F-4392-862E-3EABEC7B6D0B}.Debug|x64.ActiveCfg = Debug|Any CPU
		{EB8D0D89-473F-4392-862E-3EABEC7B6D0B}.Debug|x64.Build.0 = Debug|Any CPU
		{EB8D0D89-473F-4392-862E-3EABEC7B6D0B}.Debug|x86.ActiveCfg = Debug|Any CPU
		{EB8D0D89-473F-4392-862E-3EABEC7B6D0B}.Debug|x86.Build.0 = Debug|Any CPU
		{EB8D0D89-473F-4392-862E-3EABEC7B6D0B}.Release|Any CPU.ActiveCfg = Release|Any CPU
		{EB8D0D89-473F-4392-862E-3EABEC7B6D0B}.Release|Any CPU.Build.0 = Release|Any CPU
		{EB8D0D89-473F-4392-862E-3EABEC7B6D0B}.Release|x64.ActiveCfg = Release|Any CPU
		{EB8D0D89-473F-4392-862E-3EABEC7B6D0B}.Release|x64.Build.0 = Release|Any CPU
		{EB8D0D89-473F-4392-862E-3EABEC7B6D0B}.Release|x86.ActiveCfg = Release|Any CPU
		{EB8D0D89-473F-4392-862E-3EABEC7B6D0B}.Release|x86.Build.0 = Release|Any CPU
		{51A5E878-7FA2-46D2-9117-F99CA1174CE9}.Debug|Any CPU.ActiveCfg = Debug|Any CPU
		{51A5E878-7FA2-46D2-9117-F99CA1174CE9}.Debug|Any CPU.Build.0 = Debug|Any CPU
		{51A5E878-7FA2-46D2-9117-F99CA1174CE9}.Debug|x64.ActiveCfg = Debug|Any CPU
		{51A5E878-7FA2-46D2-9117-F99CA1174CE9}.Debug|x64.Build.0 = Debug|Any CPU
		{51A5E878-7FA2-46D2-9117-F99CA1174CE9}.Debug|x86.ActiveCfg = Debug|Any CPU
		{51A5E878-7FA2-46D2-9117-F99CA1174CE9}.Debug|x86.Build.0 = Debug|Any CPU
		{51A5E878-7FA2-46D2-9117-F99CA1174CE9}.Release|Any CPU.ActiveCfg = Release|Any CPU
		{51A5E878-7FA2-46D2-9117-F99CA1174CE9}.Release|Any CPU.Build.0 = Release|Any CPU
		{51A5E878-7FA2-46D2-9117-F99CA1174CE9}.Release|x64.ActiveCfg = Release|Any CPU
		{51A5E878-7FA2-46D2-9117-F99CA1174CE9}.Release|x64.Build.0 = Release|Any CPU
		{51A5E878-7FA2-46D2-9117-F99CA1174CE9}.Release|x86.ActiveCfg = Release|Any CPU
		{51A5E878-7FA2-46D2-9117-F99CA1174CE9}.Release|x86.Build.0 = Release|Any CPU
	EndGlobalSection
	GlobalSection(SolutionProperties) = preSolution
		HideSolutionNode = FALSE
	EndGlobalSection
	GlobalSection(NestedProjects) = preSolution
		{6B7774B4-9228-4768-AE4B-2DA1B655C31B} = {827E0CD3-B72D-47B6-A68D-7590B98EB39B}
		{B6D1DE75-1820-4A8B-8508-9585B10C36F4} = {827E0CD3-B72D-47B6-A68D-7590B98EB39B}
		{25C91EE8-24F6-4037-B896-CB2D1FACDC9F} = {827E0CD3-B72D-47B6-A68D-7590B98EB39B}
		{86291D04-50A7-4138-8628-73FC0C152961} = {827E0CD3-B72D-47B6-A68D-7590B98EB39B}
		{1031338F-9ED6-4AA7-BF8D-24389C3E1AB3} = {827E0CD3-B72D-47B6-A68D-7590B98EB39B}
		{FBFF5618-D432-4E1F-9572-0F5956F26AE6} = {827E0CD3-B72D-47B6-A68D-7590B98EB39B}
		{C39983F0-897F-427A-BF73-2431119E6CFB} = {0C88DD14-F956-CE84-757C-A364CCF449FC}
		{6427EEDE-8804-426F-9C81-779854F6420B} = {0C88DD14-F956-CE84-757C-A364CCF449FC}
		{911E4A6B-8B79-45D1-978E-4BBF4273B9DB} = {0C88DD14-F956-CE84-757C-A364CCF449FC}
		{E07FB438-54D4-4E00-8682-4039594B59B6} = {0C88DD14-F956-CE84-757C-A364CCF449FC}
		{EB8D0D89-473F-4392-862E-3EABEC7B6D0B} = {0C88DD14-F956-CE84-757C-A364CCF449FC}
		{51A5E878-7FA2-46D2-9117-F99CA1174CE9} = {0C88DD14-F956-CE84-757C-A364CCF449FC}
	EndGlobalSection
EndGlobal
